// !$*UTF8*$!
{
	archiveVersion = 1;
	classes = {
	};
	objectVersion = 46;
	objects = {

/* Begin PBXBuildFile section */
		0C850EB51F53A79E00C2C8A7 /* LocationManager.swift in Sources */ = {isa = PBXBuildFile; fileRef = 0C850EB41F53A79E00C2C8A7 /* LocationManager.swift */; };
		0C850EB81F53F8D400C2C8A7 /* InfoPlist.strings in Resources */ = {isa = PBXBuildFile; fileRef = 0C850EB61F53F8D400C2C8A7 /* InfoPlist.strings */; };
		0CA0795F1F4CAFFA003AE9FF /* AppDelegate.swift in Sources */ = {isa = PBXBuildFile; fileRef = 0CA0795E1F4CAFFA003AE9FF /* AppDelegate.swift */; };
		0CA079611F4CAFFA003AE9FF /* MasterViewController.swift in Sources */ = {isa = PBXBuildFile; fileRef = 0CA079601F4CAFFA003AE9FF /* MasterViewController.swift */; };
		0CA079631F4CAFFA003AE9FF /* DetailViewController.swift in Sources */ = {isa = PBXBuildFile; fileRef = 0CA079621F4CAFFA003AE9FF /* DetailViewController.swift */; };
		0CA079661F4CAFFA003AE9FF /* Main.storyboard in Resources */ = {isa = PBXBuildFile; fileRef = 0CA079641F4CAFFA003AE9FF /* Main.storyboard */; };
		0CA079681F4CAFFA003AE9FF /* Assets.xcassets in Resources */ = {isa = PBXBuildFile; fileRef = 0CA079671F4CAFFA003AE9FF /* Assets.xcassets */; };
		0CA0796B1F4CAFFA003AE9FF /* LaunchScreen.storyboard in Resources */ = {isa = PBXBuildFile; fileRef = 0CA079691F4CAFFA003AE9FF /* LaunchScreen.storyboard */; };
		0CA079761F4CAFFA003AE9FF /* WeatherWidgetTests.swift in Sources */ = {isa = PBXBuildFile; fileRef = 0CA079751F4CAFFA003AE9FF /* WeatherWidgetTests.swift */; };
		0CA079811F4CAFFA003AE9FF /* WeatherWidgetUITests.swift in Sources */ = {isa = PBXBuildFile; fileRef = 0CA079801F4CAFFA003AE9FF /* WeatherWidgetUITests.swift */; };
		0CA079921F4CB576003AE9FF /* CityModel.swift in Sources */ = {isa = PBXBuildFile; fileRef = 0CA079911F4CB576003AE9FF /* CityModel.swift */; };
		0CA079951F4CB901003AE9FF /* DataTransport.swift in Sources */ = {isa = PBXBuildFile; fileRef = 0CA079941F4CB901003AE9FF /* DataTransport.swift */; };
		0CA079A81F537211003AE9FF /* Localizable.strings in Resources */ = {isa = PBXBuildFile; fileRef = 0CA079A61F537211003AE9FF /* Localizable.strings */; };
/* End PBXBuildFile section */

/* Begin PBXContainerItemProxy section */
		0CA079721F4CAFFA003AE9FF /* PBXContainerItemProxy */ = {
			isa = PBXContainerItemProxy;
			containerPortal = 0CA079531F4CAFFA003AE9FF /* Project object */;
			proxyType = 1;
			remoteGlobalIDString = 0CA0795A1F4CAFFA003AE9FF;
			remoteInfo = WeatherWidget;
		};
		0CA0797D1F4CAFFA003AE9FF /* PBXContainerItemProxy */ = {
			isa = PBXContainerItemProxy;
			containerPortal = 0CA079531F4CAFFA003AE9FF /* Project object */;
			proxyType = 1;
			remoteGlobalIDString = 0CA0795A1F4CAFFA003AE9FF;
			remoteInfo = WeatherWidget;
		};
/* End PBXContainerItemProxy section */

/* Begin PBXFileReference section */
		0C850EB41F53A79E00C2C8A7 /* LocationManager.swift */ = {isa = PBXFileReference; fileEncoding = 4; lastKnownFileType = sourcecode.swift; path = LocationManager.swift; sourceTree = "<group>"; };
		0C850EB71F53F8D400C2C8A7 /* Base */ = {isa = PBXFileReference; lastKnownFileType = text.plist.strings; name = Base; path = Base.lproj/InfoPlist.strings; sourceTree = "<group>"; };
		0C850EB91F53F94600C2C8A7 /* es */ = {isa = PBXFileReference; lastKnownFileType = text.plist.strings; name = es; path = es.lproj/InfoPlist.strings; sourceTree = "<group>"; };
		0CA0795B1F4CAFFA003AE9FF /* WeatherWidget.app */ = {isa = PBXFileReference; explicitFileType = wrapper.application; includeInIndex = 0; path = WeatherWidget.app; sourceTree = BUILT_PRODUCTS_DIR; };
		0CA0795E1F4CAFFA003AE9FF /* AppDelegate.swift */ = {isa = PBXFileReference; lastKnownFileType = sourcecode.swift; path = AppDelegate.swift; sourceTree = "<group>"; };
		0CA079601F4CAFFA003AE9FF /* MasterViewController.swift */ = {isa = PBXFileReference; lastKnownFileType = sourcecode.swift; path = MasterViewController.swift; sourceTree = "<group>"; };
		0CA079621F4CAFFA003AE9FF /* DetailViewController.swift */ = {isa = PBXFileReference; lastKnownFileType = sourcecode.swift; path = DetailViewController.swift; sourceTree = "<group>"; };
		0CA079651F4CAFFA003AE9FF /* Base */ = {isa = PBXFileReference; lastKnownFileType = file.storyboard; name = Base; path = Base.lproj/Main.storyboard; sourceTree = "<group>"; };
		0CA079671F4CAFFA003AE9FF /* Assets.xcassets */ = {isa = PBXFileReference; lastKnownFileType = folder.assetcatalog; path = Assets.xcassets; sourceTree = "<group>"; };
		0CA0796A1F4CAFFA003AE9FF /* Base */ = {isa = PBXFileReference; lastKnownFileType = file.storyboard; name = Base; path = Base.lproj/LaunchScreen.storyboard; sourceTree = "<group>"; };
		0CA0796C1F4CAFFA003AE9FF /* Info.plist */ = {isa = PBXFileReference; lastKnownFileType = text.plist.xml; path = Info.plist; sourceTree = "<group>"; };
		0CA079711F4CAFFA003AE9FF /* WeatherWidgetTests.xctest */ = {isa = PBXFileReference; explicitFileType = wrapper.cfbundle; includeInIndex = 0; path = WeatherWidgetTests.xctest; sourceTree = BUILT_PRODUCTS_DIR; };
		0CA079751F4CAFFA003AE9FF /* WeatherWidgetTests.swift */ = {isa = PBXFileReference; lastKnownFileType = sourcecode.swift; path = WeatherWidgetTests.swift; sourceTree = "<group>"; };
		0CA079771F4CAFFA003AE9FF /* Info.plist */ = {isa = PBXFileReference; lastKnownFileType = text.plist.xml; path = Info.plist; sourceTree = "<group>"; };
		0CA0797C1F4CAFFA003AE9FF /* WeatherWidgetUITests.xctest */ = {isa = PBXFileReference; explicitFileType = wrapper.cfbundle; includeInIndex = 0; path = WeatherWidgetUITests.xctest; sourceTree = BUILT_PRODUCTS_DIR; };
		0CA079801F4CAFFA003AE9FF /* WeatherWidgetUITests.swift */ = {isa = PBXFileReference; lastKnownFileType = sourcecode.swift; path = WeatherWidgetUITests.swift; sourceTree = "<group>"; };
		0CA079821F4CAFFA003AE9FF /* Info.plist */ = {isa = PBXFileReference; lastKnownFileType = text.plist.xml; path = Info.plist; sourceTree = "<group>"; };
		0CA079911F4CB576003AE9FF /* CityModel.swift */ = {isa = PBXFileReference; fileEncoding = 4; lastKnownFileType = sourcecode.swift; path = CityModel.swift; sourceTree = "<group>"; };
		0CA079941F4CB901003AE9FF /* DataTransport.swift */ = {isa = PBXFileReference; fileEncoding = 4; lastKnownFileType = sourcecode.swift; path = DataTransport.swift; sourceTree = "<group>"; };
		0CA079A71F537211003AE9FF /* Base */ = {isa = PBXFileReference; lastKnownFileType = text.plist.strings; name = Base; path = WeatherWidget/Base.lproj/Localizable.strings; sourceTree = "<group>"; };
		0CA079AA1F5372B9003AE9FF /* es */ = {isa = PBXFileReference; lastKnownFileType = text.plist.strings; name = es; path = WeatherWidget/es.lproj/Localizable.strings; sourceTree = "<group>"; };
/* End PBXFileReference section */

/* Begin PBXFrameworksBuildPhase section */
		0CA079581F4CAFFA003AE9FF /* Frameworks */ = {
			isa = PBXFrameworksBuildPhase;
			buildActionMask = 2147483647;
			files = (
			);
			runOnlyForDeploymentPostprocessing = 0;
		};
		0CA0796E1F4CAFFA003AE9FF /* Frameworks */ = {
			isa = PBXFrameworksBuildPhase;
			buildActionMask = 2147483647;
			files = (
			);
			runOnlyForDeploymentPostprocessing = 0;
		};
		0CA079791F4CAFFA003AE9FF /* Frameworks */ = {
			isa = PBXFrameworksBuildPhase;
			buildActionMask = 2147483647;
			files = (
			);
			runOnlyForDeploymentPostprocessing = 0;
		};
/* End PBXFrameworksBuildPhase section */

/* Begin PBXGroup section */
		0CA079521F4CAFFA003AE9FF = {
			isa = PBXGroup;
			children = (
				0CA0795D1F4CAFFA003AE9FF /* WeatherWidget */,
				0CA079741F4CAFFA003AE9FF /* WeatherWidgetTests */,
				0CA0797F1F4CAFFA003AE9FF /* WeatherWidgetUITests */,
				0CA0795C1F4CAFFA003AE9FF /* Products */,
			);
			sourceTree = "<group>";
		};
		0CA0795C1F4CAFFA003AE9FF /* Products */ = {
			isa = PBXGroup;
			children = (
				0CA0795B1F4CAFFA003AE9FF /* WeatherWidget.app */,
				0CA079711F4CAFFA003AE9FF /* WeatherWidgetTests.xctest */,
				0CA0797C1F4CAFFA003AE9FF /* WeatherWidgetUITests.xctest */,
			);
			name = Products;
			sourceTree = "<group>";
		};
		0CA0795D1F4CAFFA003AE9FF /* WeatherWidget */ = {
			isa = PBXGroup;
			children = (
				0CA0798E1F4CB01F003AE9FF /* Models */,
				0CA0798F1F4CB027003AE9FF /* Views */,
				0CA079901F4CB032003AE9FF /* Controllers */,
				0CA079A91F537233003AE9FF /* Resources */,
			);
			path = WeatherWidget;
			sourceTree = "<group>";
		};
		0CA079741F4CAFFA003AE9FF /* WeatherWidgetTests */ = {
			isa = PBXGroup;
			children = (
				0CA079751F4CAFFA003AE9FF /* WeatherWidgetTests.swift */,
				0CA079771F4CAFFA003AE9FF /* Info.plist */,
			);
			path = WeatherWidgetTests;
			sourceTree = "<group>";
		};
		0CA0797F1F4CAFFA003AE9FF /* WeatherWidgetUITests */ = {
			isa = PBXGroup;
			children = (
				0CA079801F4CAFFA003AE9FF /* WeatherWidgetUITests.swift */,
				0CA079821F4CAFFA003AE9FF /* Info.plist */,
			);
			path = WeatherWidgetUITests;
			sourceTree = "<group>";
		};
		0CA0798E1F4CB01F003AE9FF /* Models */ = {
			isa = PBXGroup;
			children = (
				0CA079931F4CB8C3003AE9FF /* Helpers */,
				0CA079911F4CB576003AE9FF /* CityModel.swift */,
			);
			name = Models;
			sourceTree = "<group>";
		};
		0CA0798F1F4CB027003AE9FF /* Views */ = {
			isa = PBXGroup;
			children = (
				0CA079641F4CAFFA003AE9FF /* Main.storyboard */,
				0CA079691F4CAFFA003AE9FF /* LaunchScreen.storyboard */,
			);
			name = Views;
			sourceTree = "<group>";
		};
		0CA079901F4CB032003AE9FF /* Controllers */ = {
			isa = PBXGroup;
			children = (
				0CA0795E1F4CAFFA003AE9FF /* AppDelegate.swift */,
				0CA079601F4CAFFA003AE9FF /* MasterViewController.swift */,
				0CA079621F4CAFFA003AE9FF /* DetailViewController.swift */,
				0C850EB41F53A79E00C2C8A7 /* LocationManager.swift */,
			);
			name = Controllers;
			sourceTree = "<group>";
		};
		0CA079931F4CB8C3003AE9FF /* Helpers */ = {
			isa = PBXGroup;
			children = (
				0CA079941F4CB901003AE9FF /* DataTransport.swift */,
			);
			name = Helpers;
			sourceTree = "<group>";
		};
		0CA079A91F537233003AE9FF /* Resources */ = {
			isa = PBXGroup;
			children = (
				0CA079A61F537211003AE9FF /* Localizable.strings */,
				0CA079671F4CAFFA003AE9FF /* Assets.xcassets */,
				0CA0796C1F4CAFFA003AE9FF /* Info.plist */,
				0C850EB61F53F8D400C2C8A7 /* InfoPlist.strings */,
			);
			name = Resources;
			sourceTree = "<group>";
		};
/* End PBXGroup section */

/* Begin PBXNativeTarget section */
		0CA0795A1F4CAFFA003AE9FF /* WeatherWidget */ = {
			isa = PBXNativeTarget;
			buildConfigurationList = 0CA079851F4CAFFA003AE9FF /* Build configuration list for PBXNativeTarget "WeatherWidget" */;
			buildPhases = (
				0CA079571F4CAFFA003AE9FF /* Sources */,
				0CA079581F4CAFFA003AE9FF /* Frameworks */,
				0CA079591F4CAFFA003AE9FF /* Resources */,
			);
			buildRules = (
			);
			dependencies = (
			);
			name = WeatherWidget;
			productName = WeatherWidget;
			productReference = 0CA0795B1F4CAFFA003AE9FF /* WeatherWidget.app */;
			productType = "com.apple.product-type.application";
		};
		0CA079701F4CAFFA003AE9FF /* WeatherWidgetTests */ = {
			isa = PBXNativeTarget;
			buildConfigurationList = 0CA079881F4CAFFA003AE9FF /* Build configuration list for PBXNativeTarget "WeatherWidgetTests" */;
			buildPhases = (
				0CA0796D1F4CAFFA003AE9FF /* Sources */,
				0CA0796E1F4CAFFA003AE9FF /* Frameworks */,
				0CA0796F1F4CAFFA003AE9FF /* Resources */,
			);
			buildRules = (
			);
			dependencies = (
				0CA079731F4CAFFA003AE9FF /* PBXTargetDependency */,
			);
			name = WeatherWidgetTests;
			productName = WeatherWidgetTests;
			productReference = 0CA079711F4CAFFA003AE9FF /* WeatherWidgetTests.xctest */;
			productType = "com.apple.product-type.bundle.unit-test";
		};
		0CA0797B1F4CAFFA003AE9FF /* WeatherWidgetUITests */ = {
			isa = PBXNativeTarget;
			buildConfigurationList = 0CA0798B1F4CAFFA003AE9FF /* Build configuration list for PBXNativeTarget "WeatherWidgetUITests" */;
			buildPhases = (
				0CA079781F4CAFFA003AE9FF /* Sources */,
				0CA079791F4CAFFA003AE9FF /* Frameworks */,
				0CA0797A1F4CAFFA003AE9FF /* Resources */,
			);
			buildRules = (
			);
			dependencies = (
				0CA0797E1F4CAFFA003AE9FF /* PBXTargetDependency */,
			);
			name = WeatherWidgetUITests;
			productName = WeatherWidgetUITests;
			productReference = 0CA0797C1F4CAFFA003AE9FF /* WeatherWidgetUITests.xctest */;
			productType = "com.apple.product-type.bundle.ui-testing";
		};
/* End PBXNativeTarget section */

/* Begin PBXProject section */
		0CA079531F4CAFFA003AE9FF /* Project object */ = {
			isa = PBXProject;
			attributes = {
				LastSwiftUpdateCheck = 0830;
				LastUpgradeCheck = 0830;
				ORGANIZATIONNAME = "bioDigits LTD.";
				TargetAttributes = {
					0CA0795A1F4CAFFA003AE9FF = {
						CreatedOnToolsVersion = 8.3.3;
						DevelopmentTeam = 5K579BM385;
						ProvisioningStyle = Automatic;
					};
					0CA079701F4CAFFA003AE9FF = {
						CreatedOnToolsVersion = 8.3.3;
						DevelopmentTeam = 5K579BM385;
						ProvisioningStyle = Automatic;
						TestTargetID = 0CA0795A1F4CAFFA003AE9FF;
					};
					0CA0797B1F4CAFFA003AE9FF = {
						CreatedOnToolsVersion = 8.3.3;
						DevelopmentTeam = 5K579BM385;
						ProvisioningStyle = Automatic;
						TestTargetID = 0CA0795A1F4CAFFA003AE9FF;
					};
				};
			};
			buildConfigurationList = 0CA079561F4CAFFA003AE9FF /* Build configuration list for PBXProject "WeatherWidget" */;
			compatibilityVersion = "Xcode 3.2";
			developmentRegion = English;
			hasScannedForEncodings = 0;
			knownRegions = (
				en,
				Base,
				es,
			);
			mainGroup = 0CA079521F4CAFFA003AE9FF;
			productRefGroup = 0CA0795C1F4CAFFA003AE9FF /* Products */;
			projectDirPath = "";
			projectRoot = "";
			targets = (
				0CA0795A1F4CAFFA003AE9FF /* WeatherWidget */,
				0CA079701F4CAFFA003AE9FF /* WeatherWidgetTests */,
				0CA0797B1F4CAFFA003AE9FF /* WeatherWidgetUITests */,
			);
		};
/* End PBXProject section */

/* Begin PBXResourcesBuildPhase section */
		0CA079591F4CAFFA003AE9FF /* Resources */ = {
			isa = PBXResourcesBuildPhase;
			buildActionMask = 2147483647;
			files = (
				0CA0796B1F4CAFFA003AE9FF /* LaunchScreen.storyboard in Resources */,
				0CA079A81F537211003AE9FF /* Localizable.strings in Resources */,
				0CA079681F4CAFFA003AE9FF /* Assets.xcassets in Resources */,
				0CA079661F4CAFFA003AE9FF /* Main.storyboard in Resources */,
				0C850EB81F53F8D400C2C8A7 /* InfoPlist.strings in Resources */,
			);
			runOnlyForDeploymentPostprocessing = 0;
		};
		0CA0796F1F4CAFFA003AE9FF /* Resources */ = {
			isa = PBXResourcesBuildPhase;
			buildActionMask = 2147483647;
			files = (
			);
			runOnlyForDeploymentPostprocessing = 0;
		};
		0CA0797A1F4CAFFA003AE9FF /* Resources */ = {
			isa = PBXResourcesBuildPhase;
			buildActionMask = 2147483647;
			files = (
			);
			runOnlyForDeploymentPostprocessing = 0;
		};
/* End PBXResourcesBuildPhase section */

/* Begin PBXSourcesBuildPhase section */
		0CA079571F4CAFFA003AE9FF /* Sources */ = {
			isa = PBXSourcesBuildPhase;
			buildActionMask = 2147483647;
			files = (
				0CA079631F4CAFFA003AE9FF /* DetailViewController.swift in Sources */,
				0CA079611F4CAFFA003AE9FF /* MasterViewController.swift in Sources */,
				0C850EB51F53A79E00C2C8A7 /* LocationManager.swift in Sources */,
				0CA079921F4CB576003AE9FF /* CityModel.swift in Sources */,
				0CA079951F4CB901003AE9FF /* DataTransport.swift in Sources */,
				0CA0795F1F4CAFFA003AE9FF /* AppDelegate.swift in Sources */,
			);
			runOnlyForDeploymentPostprocessing = 0;
		};
		0CA0796D1F4CAFFA003AE9FF /* Sources */ = {
			isa = PBXSourcesBuildPhase;
			buildActionMask = 2147483647;
			files = (
				0CA079761F4CAFFA003AE9FF /* WeatherWidgetTests.swift in Sources */,
			);
			runOnlyForDeploymentPostprocessing = 0;
		};
		0CA079781F4CAFFA003AE9FF /* Sources */ = {
			isa = PBXSourcesBuildPhase;
			buildActionMask = 2147483647;
			files = (
				0CA079811F4CAFFA003AE9FF /* WeatherWidgetUITests.swift in Sources */,
			);
			runOnlyForDeploymentPostprocessing = 0;
		};
/* End PBXSourcesBuildPhase section */

/* Begin PBXTargetDependency section */
		0CA079731F4CAFFA003AE9FF /* PBXTargetDependency */ = {
			isa = PBXTargetDependency;
			target = 0CA0795A1F4CAFFA003AE9FF /* WeatherWidget */;
			targetProxy = 0CA079721F4CAFFA003AE9FF /* PBXContainerItemProxy */;
		};
		0CA0797E1F4CAFFA003AE9FF /* PBXTargetDependency */ = {
			isa = PBXTargetDependency;
			target = 0CA0795A1F4CAFFA003AE9FF /* WeatherWidget */;
			targetProxy = 0CA0797D1F4CAFFA003AE9FF /* PBXContainerItemProxy */;
		};
/* End PBXTargetDependency section */

/* Begin PBXVariantGroup section */
		0C850EB61F53F8D400C2C8A7 /* InfoPlist.strings */ = {
			isa = PBXVariantGroup;
			children = (
				0C850EB71F53F8D400C2C8A7 /* Base */,
				0C850EB91F53F94600C2C8A7 /* es */,
			);
			name = InfoPlist.strings;
			sourceTree = "<group>";
		};
		0CA079641F4CAFFA003AE9FF /* Main.storyboard */ = {
			isa = PBXVariantGroup;
			children = (
				0CA079651F4CAFFA003AE9FF /* Base */,
			);
			name = Main.storyboard;
			sourceTree = "<group>";
		};
		0CA079691F4CAFFA003AE9FF /* LaunchScreen.storyboard */ = {
			isa = PBXVariantGroup;
			children = (
				0CA0796A1F4CAFFA003AE9FF /* Base */,
			);
			name = LaunchScreen.storyboard;
			sourceTree = "<group>";
		};
		0CA079A61F537211003AE9FF /* Localizable.strings */ = {
			isa = PBXVariantGroup;
			children = (
				0CA079A71F537211003AE9FF /* Base */,
				0CA079AA1F5372B9003AE9FF /* es */,
			);
			name = Localizable.strings;
			path = ..;
			sourceTree = "<group>";
		};
/* End PBXVariantGroup section */

/* Begin XCBuildConfiguration section */
		0CA079831F4CAFFA003AE9FF /* Debug */ = {
			isa = XCBuildConfiguration;
			buildSettings = {
				ALWAYS_SEARCH_USER_PATHS = NO;
				CLANG_ANALYZER_LOCALIZABILITY_NONLOCALIZED = YES;
				CLANG_ANALYZER_NONNULL = YES;
				CLANG_ANALYZER_NUMBER_OBJECT_CONVERSION = YES_AGGRESSIVE;
				CLANG_CXX_LANGUAGE_STANDARD = "gnu++0x";
				CLANG_CXX_LIBRARY = "libc++";
				CLANG_ENABLE_MODULES = YES;
				CLANG_ENABLE_OBJC_ARC = YES;
				CLANG_WARN_BOOL_CONVERSION = YES;
				CLANG_WARN_CONSTANT_CONVERSION = YES;
				CLANG_WARN_DIRECT_OBJC_ISA_USAGE = YES_ERROR;
				CLANG_WARN_DOCUMENTATION_COMMENTS = YES;
				CLANG_WARN_EMPTY_BODY = YES;
				CLANG_WARN_ENUM_CONVERSION = YES;
				CLANG_WARN_INFINITE_RECURSION = YES;
				CLANG_WARN_INT_CONVERSION = YES;
				CLANG_WARN_OBJC_ROOT_CLASS = YES_ERROR;
				CLANG_WARN_SUSPICIOUS_MOVE = YES;
				CLANG_WARN_UNREACHABLE_CODE = YES;
				CLANG_WARN__DUPLICATE_METHOD_MATCH = YES;
				"CODE_SIGN_IDENTITY[sdk=iphoneos*]" = "iPhone Developer";
				COPY_PHASE_STRIP = NO;
				DEBUG_INFORMATION_FORMAT = dwarf;
				ENABLE_STRICT_OBJC_MSGSEND = YES;
				ENABLE_TESTABILITY = YES;
				GCC_C_LANGUAGE_STANDARD = gnu99;
				GCC_DYNAMIC_NO_PIC = NO;
				GCC_NO_COMMON_BLOCKS = YES;
				GCC_OPTIMIZATION_LEVEL = 0;
				GCC_PREPROCESSOR_DEFINITIONS = (
					"DEBUG=1",
					"$(inherited)",
				);
				GCC_WARN_64_TO_32_BIT_CONVERSION = YES;
				GCC_WARN_ABOUT_RETURN_TYPE = YES_ERROR;
				GCC_WARN_UNDECLARED_SELECTOR = YES;
				GCC_WARN_UNINITIALIZED_AUTOS = YES_AGGRESSIVE;
				GCC_WARN_UNUSED_FUNCTION = YES;
				GCC_WARN_UNUSED_VARIABLE = YES;
				IPHONEOS_DEPLOYMENT_TARGET = 10.3;
				MTL_ENABLE_DEBUG_INFO = YES;
				ONLY_ACTIVE_ARCH = YES;
				SDKROOT = iphoneos;
				SWIFT_ACTIVE_COMPILATION_CONDITIONS = DEBUG;
				SWIFT_OPTIMIZATION_LEVEL = "-Onone";
				TARGETED_DEVICE_FAMILY = "1,2";
			};
			name = Debug;
		};
		0CA079841F4CAFFA003AE9FF /* Release */ = {
			isa = XCBuildConfiguration;
			buildSettings = {
				ALWAYS_SEARCH_USER_PATHS = NO;
				CLANG_ANALYZER_LOCALIZABILITY_NONLOCALIZED = YES;
				CLANG_ANALYZER_NONNULL = YES;
				CLANG_ANALYZER_NUMBER_OBJECT_CONVERSION = YES_AGGRESSIVE;
				CLANG_CXX_LANGUAGE_STANDARD = "gnu++0x";
				CLANG_CXX_LIBRARY = "libc++";
				CLANG_ENABLE_MODULES = YES;
				CLANG_ENABLE_OBJC_ARC = YES;
				CLANG_WARN_BOOL_CONVERSION = YES;
				CLANG_WARN_CONSTANT_CONVERSION = YES;
				CLANG_WARN_DIRECT_OBJC_ISA_USAGE = YES_ERROR;
				CLANG_WARN_DOCUMENTATION_COMMENTS = YES;
				CLANG_WARN_EMPTY_BODY = YES;
				CLANG_WARN_ENUM_CONVERSION = YES;
				CLANG_WARN_INFINITE_RECURSION = YES;
				CLANG_WARN_INT_CONVERSION = YES;
				CLANG_WARN_OBJC_ROOT_CLASS = YES_ERROR;
				CLANG_WARN_SUSPICIOUS_MOVE = YES;
				CLANG_WARN_UNREACHABLE_CODE = YES;
				CLANG_WARN__DUPLICATE_METHOD_MATCH = YES;
				"CODE_SIGN_IDENTITY[sdk=iphoneos*]" = "iPhone Developer";
				COPY_PHASE_STRIP = NO;
				DEBUG_INFORMATION_FORMAT = "dwarf-with-dsym";
				ENABLE_NS_ASSERTIONS = NO;
				ENABLE_STRICT_OBJC_MSGSEND = YES;
				GCC_C_LANGUAGE_STANDARD = gnu99;
				GCC_NO_COMMON_BLOCKS = YES;
				GCC_WARN_64_TO_32_BIT_CONVERSION = YES;
				GCC_WARN_ABOUT_RETURN_TYPE = YES_ERROR;
				GCC_WARN_UNDECLARED_SELECTOR = YES;
				GCC_WARN_UNINITIALIZED_AUTOS = YES_AGGRESSIVE;
				GCC_WARN_UNUSED_FUNCTION = YES;
				GCC_WARN_UNUSED_VARIABLE = YES;
				IPHONEOS_DEPLOYMENT_TARGET = 10.3;
				MTL_ENABLE_DEBUG_INFO = NO;
				SDKROOT = iphoneos;
				SWIFT_OPTIMIZATION_LEVEL = "-Owholemodule";
				TARGETED_DEVICE_FAMILY = "1,2";
				VALIDATE_PRODUCT = YES;
			};
			name = Release;
		};
		0CA079861F4CAFFA003AE9FF /* Debug */ = {
			isa = XCBuildConfiguration;
			buildSettings = {
				ASSETCATALOG_COMPILER_APPICON_NAME = AppIcon;
				DEVELOPMENT_TEAM = 5K579BM385;
				INFOPLIST_FILE = WeatherWidget/Info.plist;
				LD_RUNPATH_SEARCH_PATHS = "$(inherited) @executable_path/Frameworks";
				PRODUCT_BUNDLE_IDENTIFIER = com.biodigits.clients.WeatherWidget;
				PRODUCT_NAME = "$(TARGET_NAME)";
				SWIFT_VERSION = 3.0;
			};
			name = Debug;
		};
		0CA079871F4CAFFA003AE9FF /* Release */ = {
			isa = XCBuildConfiguration;
			buildSettings = {
				ASSETCATALOG_COMPILER_APPICON_NAME = AppIcon;
				DEVELOPMENT_TEAM = 5K579BM385;
				INFOPLIST_FILE = WeatherWidget/Info.plist;
				LD_RUNPATH_SEARCH_PATHS = "$(inherited) @executable_path/Frameworks";
				PRODUCT_BUNDLE_IDENTIFIER = com.biodigits.clients.WeatherWidget;
				PRODUCT_NAME = "$(TARGET_NAME)";
				SWIFT_VERSION = 3.0;
			};
			name = Release;
		};
		0CA079891F4CAFFA003AE9FF /* Debug */ = {
			isa = XCBuildConfiguration;
			buildSettings = {
				ALWAYS_EMBED_SWIFT_STANDARD_LIBRARIES = YES;
				BUNDLE_LOADER = "$(TEST_HOST)";
				DEVELOPMENT_TEAM = 5K579BM385;
				INFOPLIST_FILE = WeatherWidgetTests/Info.plist;
				LD_RUNPATH_SEARCH_PATHS = "$(inherited) @executable_path/Frameworks @loader_path/Frameworks";
				PRODUCT_BUNDLE_IDENTIFIER = com.biodigits.clients.WeatherWidgetTests;
				PRODUCT_NAME = "$(TARGET_NAME)";
				SWIFT_VERSION = 3.0;
				TEST_HOST = "$(BUILT_PRODUCTS_DIR)/WeatherWidget.app/WeatherWidget";
			};
			name = Debug;
		};
		0CA0798A1F4CAFFA003AE9FF /* Release */ = {
			isa = XCBuildConfiguration;
			buildSettings = {
				ALWAYS_EMBED_SWIFT_STANDARD_LIBRARIES = YES;
				BUNDLE_LOADER = "$(TEST_HOST)";
				DEVELOPMENT_TEAM = 5K579BM385;
				INFOPLIST_FILE = WeatherWidgetTests/Info.plist;
				LD_RUNPATH_SEARCH_PATHS = "$(inherited) @executable_path/Frameworks @loader_path/Frameworks";
				PRODUCT_BUNDLE_IDENTIFIER = com.biodigits.clients.WeatherWidgetTests;
				PRODUCT_NAME = "$(TARGET_NAME)";
				SWIFT_VERSION = 3.0;
				TEST_HOST = "$(BUILT_PRODUCTS_DIR)/WeatherWidget.app/WeatherWidget";
			};
			name = Release;
		};
		0CA0798C1F4CAFFA003AE9FF /* Debug */ = {
			isa = XCBuildConfiguration;
			buildSettings = {
				ALWAYS_EMBED_SWIFT_STANDARD_LIBRARIES = YES;
				DEVELOPMENT_TEAM = 5K579BM385;
				INFOPLIST_FILE = WeatherWidgetUITests/Info.plist;
				LD_RUNPATH_SEARCH_PATHS = "$(inherited) @executable_path/Frameworks @loader_path/Frameworks";
				PRODUCT_BUNDLE_IDENTIFIER = com.biodigits.clients.WeatherWidgetUITests;
				PRODUCT_NAME = "$(TARGET_NAME)";
				SWIFT_VERSION = 3.0;
				TEST_TARGET_NAME = WeatherWidget;
			};
			name = Debug;
		};
		0CA0798D1F4CAFFA003AE9FF /* Release */ = {
			isa = XCBuildConfiguration;
			buildSettings = {
				ALWAYS_EMBED_SWIFT_STANDARD_LIBRARIES = YES;
				DEVELOPMENT_TEAM = 5K579BM385;
				INFOPLIST_FILE = WeatherWidgetUITests/Info.plist;
				LD_RUNPATH_SEARCH_PATHS = "$(inherited) @executable_path/Frameworks @loader_path/Frameworks";
				PRODUCT_BUNDLE_IDENTIFIER = com.biodigits.clients.WeatherWidgetUITests;
				PRODUCT_NAME = "$(TARGET_NAME)";
				SWIFT_VERSION = 3.0;
				TEST_TARGET_NAME = WeatherWidget;
			};
			name = Release;
		};
/* End XCBuildConfiguration section */

/* Begin XCConfigurationList section */
		0CA079561F4CAFFA003AE9FF /* Build configuration list for PBXProject "WeatherWidget" */ = {
			isa = XCConfigurationList;
			buildConfigurations = (
				0CA079831F4CAFFA003AE9FF /* Debug */,
				0CA079841F4CAFFA003AE9FF /* Release */,
			);
			defaultConfigurationIsVisible = 0;
			defaultConfigurationName = Release;
		};
		0CA079851F4CAFFA003AE9FF /* Build configuration list for PBXNativeTarget "WeatherWidget" */ = {
			isa = XCConfigurationList;
			buildConfigurations = (
				0CA079861F4CAFFA003AE9FF /* Debug */,
				0CA079871F4CAFFA003AE9FF /* Release */,
			);
			defaultConfigurationIsVisible = 0;
			defaultConfigurationName = Release;
		};
		0CA079881F4CAFFA003AE9FF /* Build configuration list for PBXNativeTarget "WeatherWidgetTests" */ = {
			isa = XCConfigurationList;
			buildConfigurations = (
				0CA079891F4CAFFA003AE9FF /* Debug */,
				0CA0798A1F4CAFFA003AE9FF /* Release */,
			);
			defaultConfigurationIsVisible = 0;
			defaultConfigurationName = Release;
		};
		0CA0798B1F4CAFFA003AE9FF /* Build configuration list for PBXNativeTarget "WeatherWidgetUITests" */ = {
			isa = XCConfigurationList;
			buildConfigurations = (
				0CA0798C1F4CAFFA003AE9FF /* Debug */,
				0CA0798D1F4CAFFA003AE9FF /* Release */,
			);
			defaultConfigurationIsVisible = 0;
			defaultConfigurationName = Release;
		};
/* End XCConfigurationList section */
	};
	rootObject = 0CA079531F4CAFFA003AE9FF /* Project object */;
}
